{
    "version": 3,
    "terraform_version": "0.11.7",
    "serial": 7,
    "lineage": "1fbfb96b-7367-9977-3fff-207faeacf8ca",
    "modules": [
        {
            "path": [
                "root"
            ],
            "outputs": {
                "config_map_aws_auth": {
                    "sensitive": false,
                    "type": "string",
                    "value": "\n\napiVersion: v1\nkind: ConfigMap\nmetadata:\n  name: aws-auth\n  namespace: kube-system\ndata:\n  mapRoles: |\n    - rolearn: arn:aws:iam::354077607506:role/terraform-eks-demo-node\n      username: system:node:{{EC2PrivateDNSName}}\n      groups:\n        - system:bootstrappers\n        - system:nodes\n"
                },
                "kubeconfig": {
                    "sensitive": false,
                    "type": "string",
                    "value": "\n\napiVersion: v1\nclusters:\n- cluster:\n    server: https://EEEB6C3D51F9BE6E7933043A79DF2A04.sk1.us-west-2.eks.amazonaws.com\n    certificate-authority-data: LS0tLS1CRUdJTiBDRVJUSUZJQ0FURS0tLS0tCk1JSUN5RENDQWJDZ0F3SUJBZ0lCQURBTkJna3Foa2lHOXcwQkFRc0ZBREFWTVJNd0VRWURWUVFERXdwcmRXSmwKY201bGRHVnpNQjRYRFRFNE1EZ3dOakF4TURVMU5sb1hEVEk0TURnd016QXhNRFUxTmxvd0ZURVRNQkVHQTFVRQpBeE1LYTNWaVpYSnVaWFJsY3pDQ0FTSXdEUVlKS29aSWh2Y05BUUVCQlFBRGdnRVBBRENDQVFvQ2dnRUJBTjlUCmtPZFU0SURSanBUYit1TUlodUxpaExkaEUydGE0eTBLVVhLRGE5N1ZqZEZISWVmSFNiWEdmSmpzNWd5R2xlSE8KaEpOV2N1TVZTcVhWRkR4ekgwT21iVXE2RHJFSnBTbVA4RkNhTGxlWFgrUEpKQXFQZkwxS3RUQnluNmQ1TVVyUQpDMyt5VGM4SUtwSWsrZUYzUVNqOS9oTUYyeG5PR01nWmhWREthVnFZMkJCTkJwSG04a2lEcGZCaG93QXhIR3hGCk1IWDhOOXlPRlNabmxnV2FRa2lwRjgxM2NKY3g4ZnBQZ1NEUVplZ09ybGNoWHJFekJuWmcvMlg0OXphRm9sdzEKb01IWFNqbG5jTXBhUm5tK3dLMmJwcGt3NmE5bnBuY1JxOE9IcFNFaXZ6aFpOOXN3bmpKR2pSV3g4ZitRbDRLbgpjb3hpSjJqQjM5SVBLaWEvdTVVQ0F3RUFBYU1qTUNFd0RnWURWUjBQQVFIL0JBUURBZ0trTUE4R0ExVWRFd0VCCi93UUZNQU1CQWY4d0RRWUpLb1pJaHZjTkFRRUxCUUFEZ2dFQkFHcTBYenNuTHBEUStrek1QNFg3Yk5RS2lkclMKWkp3S1gvbzJyckVDWnF4VW5rU0hKUEdZL01GOERrenJ5S1pIbkpsbjRXQ0ZQTGJXMjFmLzYzQkRvNUdXWnY5YwpHa2ZYb0J0N2xuYkE4QWl4RXhYdlZwcXp6UWk4ekhTRVc0d1UrMlFObFJleVg4cFFxV3ZjWjRzUDc3a3gyY09mCnQvNWlPVlFTWitBS0FoKzAvWSthOU94TXpNdzNOV3pLcXVDMG4yOVJjL1BzV1NvN0d1UVRwZ0ZDSG80cktNN2MKd25zMnhNYnY3Sk9qK1Bza1I2QUNVMmRTSklPc3paTzFWOUJ3OGltWjdwY3FqdzliaFo5WUI3eWl1YWtxcGJOMwp3MHNOMFJjOGVET0xNM1VOdFErTlk1S1VBUXVRbm1ZTUlPbnRYZUVvRW9SWklBaUJ4WHBYM0g1TC8wST0KLS0tLS1FTkQgQ0VSVElGSUNBVEUtLS0tLQo=\n  name: kubernetes\ncontexts:\n- context:\n    cluster: kubernetes\n    user: aws\n  name: aws\ncurrent-context: aws\nkind: Config\npreferences: {}\nusers:\n- name: aws\n  user:\n    exec:\n      apiVersion: client.authentication.k8s.io/v1alpha1\n      command: aws-iam-authenticator\n      args:\n        - \"token\"\n        - \"-i\"\n        - \"terraform-eks-demo\"\n"
                }
            },
            "resources": {
                "aws_autoscaling_group.demo": {
                    "type": "aws_autoscaling_group",
                    "depends_on": [
                        "aws_launch_configuration.demo",
                        "aws_subnet.demo.*"
                    ],
                    "primary": {
                        "id": "terraform-eks-demo",
                        "attributes": {
                            "arn": "arn:aws:autoscaling:us-west-2:354077607506:autoScalingGroup:9a107952-95cf-4ccd-b8df-2ea203f5520a:autoScalingGroupName/terraform-eks-demo",
                            "availability_zones.#": "2",
                            "availability_zones.221770259": "us-west-2b",
                            "availability_zones.2487133097": "us-west-2a",
                            "default_cooldown": "300",
                            "desired_capacity": "2",
                            "enabled_metrics.#": "0",
                            "force_delete": "false",
                            "health_check_grace_period": "300",
                            "health_check_type": "EC2",
                            "id": "terraform-eks-demo",
                            "launch_configuration": "terraform-eks-demo20180824174536633700000001",
                            "launch_template.#": "0",
                            "load_balancers.#": "0",
                            "max_size": "3",
                            "metrics_granularity": "1Minute",
                            "min_size": "1",
                            "name": "terraform-eks-demo",
                            "placement_group": "",
                            "protect_from_scale_in": "false",
                            "service_linked_role_arn": "arn:aws:iam::354077607506:role/aws-service-role/autoscaling.amazonaws.com/AWSServiceRoleForAutoScaling",
                            "suspended_processes.#": "0",
                            "tag.#": "2",
                            "tag.3381877819.key": "kubernetes.io/cluster/terraform-eks-demo",
                            "tag.3381877819.propagate_at_launch": "true",
                            "tag.3381877819.value": "owned",
                            "tag.4079220990.key": "Name",
                            "tag.4079220990.propagate_at_launch": "true",
                            "tag.4079220990.value": "terraform-eks-demo",
                            "target_group_arns.#": "0",
                            "termination_policies.#": "0",
                            "vpc_zone_identifier.#": "2",
                            "vpc_zone_identifier.1480074658": "subnet-0d53c70a546dba967",
                            "vpc_zone_identifier.2298484930": "subnet-0108ba510975592e2",
                            "wait_for_capacity_timeout": "10m"
                        },
                        "meta": {
                            "e2bfb730-ecaa-11e6-8f88-34363bc7c4c0": {
                                "delete": 600000000000
                            }
                        },
                        "tainted": false
                    },
                    "deposed": [],
                    "provider": "provider.aws"
                },
                "aws_eks_cluster.demo": {
                    "type": "aws_eks_cluster",
                    "depends_on": [
                        "aws_iam_role.demo-cluster",
                        "aws_iam_role_policy_attachment.demo-cluster-AmazonEKSClusterPolicy",
                        "aws_iam_role_policy_attachment.demo-cluster-AmazonEKSServicePolicy",
                        "aws_security_group.demo-cluster",
                        "aws_subnet.demo.*"
                    ],
                    "primary": {
                        "id": "terraform-eks-demo",
                        "attributes": {
                            "arn": "arn:aws:eks:us-west-2:354077607506:cluster/terraform-eks-demo",
                            "certificate_authority.#": "1",
                            "certificate_authority.0.data": "LS0tLS1CRUdJTiBDRVJUSUZJQ0FURS0tLS0tCk1JSUN5RENDQWJDZ0F3SUJBZ0lCQURBTkJna3Foa2lHOXcwQkFRc0ZBREFWTVJNd0VRWURWUVFERXdwcmRXSmwKY201bGRHVnpNQjRYRFRFNE1EZ3dOakF4TURVMU5sb1hEVEk0TURnd016QXhNRFUxTmxvd0ZURVRNQkVHQTFVRQpBeE1LYTNWaVpYSnVaWFJsY3pDQ0FTSXdEUVlKS29aSWh2Y05BUUVCQlFBRGdnRVBBRENDQVFvQ2dnRUJBTjlUCmtPZFU0SURSanBUYit1TUlodUxpaExkaEUydGE0eTBLVVhLRGE5N1ZqZEZISWVmSFNiWEdmSmpzNWd5R2xlSE8KaEpOV2N1TVZTcVhWRkR4ekgwT21iVXE2RHJFSnBTbVA4RkNhTGxlWFgrUEpKQXFQZkwxS3RUQnluNmQ1TVVyUQpDMyt5VGM4SUtwSWsrZUYzUVNqOS9oTUYyeG5PR01nWmhWREthVnFZMkJCTkJwSG04a2lEcGZCaG93QXhIR3hGCk1IWDhOOXlPRlNabmxnV2FRa2lwRjgxM2NKY3g4ZnBQZ1NEUVplZ09ybGNoWHJFekJuWmcvMlg0OXphRm9sdzEKb01IWFNqbG5jTXBhUm5tK3dLMmJwcGt3NmE5bnBuY1JxOE9IcFNFaXZ6aFpOOXN3bmpKR2pSV3g4ZitRbDRLbgpjb3hpSjJqQjM5SVBLaWEvdTVVQ0F3RUFBYU1qTUNFd0RnWURWUjBQQVFIL0JBUURBZ0trTUE4R0ExVWRFd0VCCi93UUZNQU1CQWY4d0RRWUpLb1pJaHZjTkFRRUxCUUFEZ2dFQkFHcTBYenNuTHBEUStrek1QNFg3Yk5RS2lkclMKWkp3S1gvbzJyckVDWnF4VW5rU0hKUEdZL01GOERrenJ5S1pIbkpsbjRXQ0ZQTGJXMjFmLzYzQkRvNUdXWnY5YwpHa2ZYb0J0N2xuYkE4QWl4RXhYdlZwcXp6UWk4ekhTRVc0d1UrMlFObFJleVg4cFFxV3ZjWjRzUDc3a3gyY09mCnQvNWlPVlFTWitBS0FoKzAvWSthOU94TXpNdzNOV3pLcXVDMG4yOVJjL1BzV1NvN0d1UVRwZ0ZDSG80cktNN2MKd25zMnhNYnY3Sk9qK1Bza1I2QUNVMmRTSklPc3paTzFWOUJ3OGltWjdwY3FqdzliaFo5WUI3eWl1YWtxcGJOMwp3MHNOMFJjOGVET0xNM1VOdFErTlk1S1VBUXVRbm1ZTUlPbnRYZUVvRW9SWklBaUJ4WHBYM0g1TC8wST0KLS0tLS1FTkQgQ0VSVElGSUNBVEUtLS0tLQo=",
                            "created_at": "2018-08-06 00:57:58 +0000 UTC",
                            "endpoint": "https://EEEB6C3D51F9BE6E7933043A79DF2A04.sk1.us-west-2.eks.amazonaws.com",
                            "id": "terraform-eks-demo",
                            "name": "terraform-eks-demo",
                            "role_arn": "arn:aws:iam::354077607506:role/terraform-eks-demo-cluster",
                            "version": "1.10",
                            "vpc_config.#": "1",
                            "vpc_config.0.security_group_ids.#": "1",
                            "vpc_config.0.security_group_ids.2122767156": "sg-0e59c96b14db5b1ac",
                            "vpc_config.0.subnet_ids.#": "2",
                            "vpc_config.0.subnet_ids.1535769672": "subnet-0d53c70a546dba967",
                            "vpc_config.0.subnet_ids.384476461": "subnet-0108ba510975592e2",
                            "vpc_config.0.vpc_id": "vpc-0e62fb955b42c0d80"
                        },
                        "meta": {
                            "e2bfb730-ecaa-11e6-8f88-34363bc7c4c0": {
                                "create": 900000000000,
                                "delete": 900000000000
                            }
                        },
                        "tainted": false
                    },
                    "deposed": [],
                    "provider": "provider.aws"
                },
                "aws_iam_instance_profile.demo-node": {
                    "type": "aws_iam_instance_profile",
                    "depends_on": [
                        "aws_iam_role.demo-node"
                    ],
                    "primary": {
                        "id": "terraform-eks-demo",
                        "attributes": {
                            "arn": "arn:aws:iam::354077607506:instance-profile/terraform-eks-demo",
                            "create_date": "2018-08-06T00:57:36Z",
                            "id": "terraform-eks-demo",
                            "name": "terraform-eks-demo",
                            "path": "/",
                            "role": "terraform-eks-demo-node",
                            "roles.#": "1",
                            "roles.1215859311": "terraform-eks-demo-node",
                            "unique_id": "AIPAJVUA7OE7TDSPP3OC6"
                        },
                        "meta": {},
                        "tainted": false
                    },
                    "deposed": [],
                    "provider": "provider.aws"
                },
                "aws_iam_role.demo-cluster": {
                    "type": "aws_iam_role",
                    "depends_on": [],
                    "primary": {
                        "id": "terraform-eks-demo-cluster",
                        "attributes": {
                            "arn": "arn:aws:iam::354077607506:role/terraform-eks-demo-cluster",
                            "assume_role_policy": "{\"Version\":\"2012-10-17\",\"Statement\":[{\"Effect\":\"Allow\",\"Principal\":{\"Service\":\"eks.amazonaws.com\"},\"Action\":\"sts:AssumeRole\"}]}",
                            "create_date": "2018-07-24T02:24:31Z",
                            "description": "",
                            "force_detach_policies": "false",
                            "id": "terraform-eks-demo-cluster",
                            "max_session_duration": "3600",
                            "name": "terraform-eks-demo-cluster",
                            "path": "/",
                            "unique_id": "AROAJBEDLVZZWZ3PO2FK2"
                        },
                        "meta": {},
                        "tainted": false
                    },
                    "deposed": [],
                    "provider": "provider.aws"
                },
                "aws_iam_role.demo-node": {
                    "type": "aws_iam_role",
                    "depends_on": [],
                    "primary": {
                        "id": "terraform-eks-demo-node",
                        "attributes": {
                            "arn": "arn:aws:iam::354077607506:role/terraform-eks-demo-node",
                            "assume_role_policy": "{\"Version\":\"2012-10-17\",\"Statement\":[{\"Effect\":\"Allow\",\"Principal\":{\"Service\":\"ec2.amazonaws.com\"},\"Action\":\"sts:AssumeRole\"}]}",
                            "create_date": "2018-08-06T00:57:34Z",
                            "description": "",
                            "force_detach_policies": "false",
                            "id": "terraform-eks-demo-node",
                            "max_session_duration": "3600",
                            "name": "terraform-eks-demo-node",
                            "path": "/",
                            "unique_id": "AROAJB5JLH2PWQWFNGV7Q"
                        },
                        "meta": {},
                        "tainted": false
                    },
                    "deposed": [],
                    "provider": "provider.aws"
                },
                "aws_iam_role_policy_attachment.demo-cluster-AmazonEKSClusterPolicy": {
                    "type": "aws_iam_role_policy_attachment",
                    "depends_on": [
                        "aws_iam_role.demo-cluster"
                    ],
                    "primary": {
                        "id": "terraform-eks-demo-cluster-20180806005734962900000001",
                        "attributes": {
                            "id": "terraform-eks-demo-cluster-20180806005734962900000001",
                            "policy_arn": "arn:aws:iam::aws:policy/AmazonEKSClusterPolicy",
                            "role": "terraform-eks-demo-cluster"
                        },
                        "meta": {},
                        "tainted": false
                    },
                    "deposed": [],
                    "provider": "provider.aws"
                },
                "aws_iam_role_policy_attachment.demo-cluster-AmazonEKSServicePolicy": {
                    "type": "aws_iam_role_policy_attachment",
                    "depends_on": [
                        "aws_iam_role.demo-cluster"
                    ],
                    "primary": {
                        "id": "terraform-eks-demo-cluster-20180806005735008800000002",
                        "attributes": {
                            "id": "terraform-eks-demo-cluster-20180806005735008800000002",
                            "policy_arn": "arn:aws:iam::aws:policy/AmazonEKSServicePolicy",
                            "role": "terraform-eks-demo-cluster"
                        },
                        "meta": {},
                        "tainted": false
                    },
                    "deposed": [],
                    "provider": "provider.aws"
                },
                "aws_iam_role_policy_attachment.demo-node-AmazonEC2ContainerRegistryReadOnly": {
                    "type": "aws_iam_role_policy_attachment",
                    "depends_on": [
                        "aws_iam_role.demo-node"
                    ],
                    "primary": {
                        "id": "terraform-eks-demo-node-20180806005737058100000005",
                        "attributes": {
                            "id": "terraform-eks-demo-node-20180806005737058100000005",
                            "policy_arn": "arn:aws:iam::aws:policy/AmazonEC2ContainerRegistryReadOnly",
                            "role": "terraform-eks-demo-node"
                        },
                        "meta": {},
                        "tainted": false
                    },
                    "deposed": [],
                    "provider": "provider.aws"
                },
                "aws_iam_role_policy_attachment.demo-node-AmazonEKSWorkerNodePolicy": {
                    "type": "aws_iam_role_policy_attachment",
                    "depends_on": [
                        "aws_iam_role.demo-node"
                    ],
                    "primary": {
                        "id": "terraform-eks-demo-node-20180806005737017100000004",
                        "attributes": {
                            "id": "terraform-eks-demo-node-20180806005737017100000004",
                            "policy_arn": "arn:aws:iam::aws:policy/AmazonEKSWorkerNodePolicy",
                            "role": "terraform-eks-demo-node"
                        },
                        "meta": {},
                        "tainted": false
                    },
                    "deposed": [],
                    "provider": "provider.aws"
                },
                "aws_iam_role_policy_attachment.demo-node-AmazonEKS_CNI_Policy": {
                    "type": "aws_iam_role_policy_attachment",
                    "depends_on": [
                        "aws_iam_role.demo-node"
                    ],
                    "primary": {
                        "id": "terraform-eks-demo-node-20180806005737006800000003",
                        "attributes": {
                            "id": "terraform-eks-demo-node-20180806005737006800000003",
                            "policy_arn": "arn:aws:iam::aws:policy/AmazonEKS_CNI_Policy",
                            "role": "terraform-eks-demo-node"
                        },
                        "meta": {},
                        "tainted": false
                    },
                    "deposed": [],
                    "provider": "provider.aws"
                },
                "aws_internet_gateway.demo": {
                    "type": "aws_internet_gateway",
                    "depends_on": [
                        "aws_vpc.demo"
                    ],
                    "primary": {
                        "id": "igw-076fb5efd661771c1",
                        "attributes": {
                            "id": "igw-076fb5efd661771c1",
                            "tags.%": "1",
                            "tags.Name": "terraform-eks-demo",
                            "vpc_id": "vpc-0e62fb955b42c0d80"
                        },
                        "meta": {},
                        "tainted": false
                    },
                    "deposed": [],
                    "provider": "provider.aws"
                },
                "aws_launch_configuration.demo": {
                    "type": "aws_launch_configuration",
                    "depends_on": [],
                    "primary": {
                        "id": "terraform-eks-demo20180824174536633700000001",
                        "attributes": {
                            "associate_public_ip_address": "true",
                            "ebs_block_device.#": "0",
                            "ebs_optimized": "false",
                            "enable_monitoring": "true",
                            "ephemeral_block_device.#": "0",
                            "iam_instance_profile": "terraform-eks-demo",
                            "id": "terraform-eks-demo20180824174536633700000001",
                            "image_id": "ami-02415125ccd555295",
                            "instance_type": "t2.large",
                            "key_name": "",
                            "name": "terraform-eks-demo20180824174536633700000001",
                            "name_prefix": "terraform-eks-demo",
                            "root_block_device.#": "0",
                            "security_groups.#": "1",
                            "security_groups.1750112148": "sg-02d4eea187df0ab7d",
                            "spot_price": "",
                            "user_data_base64": "IyEvYmluL2Jhc2ggLXhlCgpDQV9DRVJUSUZJQ0FURV9ESVJFQ1RPUlk9L2V0Yy9rdWJlcm5ldGVzL3BraQpDQV9DRVJUSUZJQ0FURV9GSUxFX1BBVEg9JENBX0NFUlRJRklDQVRFX0RJUkVDVE9SWS9jYS5jcnQKbWtkaXIgLXAgJENBX0NFUlRJRklDQVRFX0RJUkVDVE9SWQplY2hvICJMUzB0TFMxQ1JVZEpUaUJEUlZKVVNVWkpRMEZVUlMwdExTMHRDazFKU1VONVJFTkRRV0pEWjBGM1NVSkJaMGxDUVVSQlRrSm5hM0ZvYTJsSE9YY3dRa0ZSYzBaQlJFRldUVkpOZDBWUldVUldVVkZFUlhkd2NtUlhTbXdLWTIwMWJHUkhWbnBOUWpSWVJGUkZORTFFWjNkT2FrRjRUVVJWTVU1c2IxaEVWRWswVFVSbmQwMTZRWGhOUkZVeFRteHZkMFpVUlZSTlFrVkhRVEZWUlFwQmVFMUxZVE5XYVZwWVNuVmFXRkpzWTNwRFEwRlRTWGRFVVZsS1MyOWFTV2gyWTA1QlVVVkNRbEZCUkdkblJWQkJSRU5EUVZGdlEyZG5SVUpCVGpsVUNtdFBaRlUwU1VSU2FuQlVZaXQxVFVsb2RVeHBhRXhrYUVVeWRHRTBlVEJMVlZoTFJHRTVOMVpxWkVaSVNXVm1TRk5pV0VkbVNtcHpOV2Q1UjJ4bFNFOEthRXBPVjJOMVRWWlRjVmhXUmtSNGVrZ3dUMjFpVlhFMlJISkZTbkJUYlZBNFJrTmhUR3hsV0ZnclVFcEtRWEZRWmt3eFMzUlVRbmx1Tm1RMVRWVnlVUXBETXl0NVZHTTRTVXR3U1dzclpVWXpVVk5xT1M5b1RVWXllRzVQUjAxbldtaFdSRXRoVm5GWk1rSkNUa0p3U0cwNGEybEVjR1pDYUc5M1FYaElSM2hHQ2sxSVdEaE9PWGxQUmxOYWJteG5WMkZSYTJsd1JqZ3hNMk5LWTNnNFpuQlFaMU5FVVZwbFowOXliR05vV0hKRmVrSnVXbWN2TWxnME9YcGhSbTlzZHpFS2IwMUlXRk5xYkc1alRYQmhVbTV0SzNkTE1tSndjR3QzTm1FNWJuQnVZMUp4T0U5SWNGTkZhWFo2YUZwT09YTjNibXBLUjJwU1YzZzRaaXRSYkRSTGJncGpiM2hwU2pKcVFqTTVTVkJMYVdFdmRUVlZRMEYzUlVGQllVMXFUVU5GZDBSbldVUldVakJRUVZGSUwwSkJVVVJCWjB0clRVRTRSMEV4VldSRmQwVkNDaTkzVVVaTlFVMUNRV1k0ZDBSUldVcExiMXBKYUhaalRrRlJSVXhDVVVGRVoyZEZRa0ZIY1RCWWVuTnVUSEJFVVN0cmVrMVFORmczWWs1UlMybGtjbE1LV2twM1MxZ3Ziekp5Y2tWRFduRjRWVzVyVTBoS1VFZFpMMDFHT0VScmVuSjVTMXBJYmtwc2JqUlhRMFpRVEdKWE1qRm1Mell6UWtSdk5VZFhXblk1WXdwSGEyWlliMEowTjJ4dVlrRTRRV2w0UlhoWWRsWndjWHA2VVdrNGVraFRSVmMwZDFVck1sRk9iRkpsZVZnNGNGRnhWM1pqV2pSelVEYzNhM2d5WTA5bUNuUXZOV2xQVmxGVFdpdEJTMEZvS3pBdldTdGhPVTk0VFhwTmR6Tk9WM3BMY1hWRE1HNHlPVkpqTDFCelYxTnZOMGQxVVZSd1owWkRTRzgwY2t0Tk4yTUtkMjV6TW5oTlluWTNTazlxSzFCemExSTJRVU5WTW1SVFNrbFBjM3BhVHpGV09VSjNPR2x0V2pkd1kzRnFkemxpYUZvNVdVSTNlV2wxWVd0eGNHSk9Nd3AzTUhOT01GSmpPR1ZFVDB4Tk0xVk9kRkVyVGxrMVMxVkJVWFZSYm0xWlRVbFBiblJZWlVWdlJXOVNXa2xCYVVKNFdIQllNMGcxVEM4d1NUMEtMUzB0TFMxRlRrUWdRMFZTVkVsR1NVTkJWRVV0TFMwdExRbz0iIHwgYmFzZTY0IC1kID4gICRDQV9DRVJUSUZJQ0FURV9GSUxFX1BBVEgKSU5URVJOQUxfSVA9JChjdXJsIC1zIGh0dHA6Ly8xNjkuMjU0LjE2OS4yNTQvbGF0ZXN0L21ldGEtZGF0YS9sb2NhbC1pcHY0KQpzZWQgLWkgcyxNQVNURVJfRU5EUE9JTlQsaHR0cHM6Ly9FRUVCNkMzRDUxRjlCRTZFNzkzMzA0M0E3OURGMkEwNC5zazEudXMtd2VzdC0yLmVrcy5hbWF6b25hd3MuY29tLGcgL3Zhci9saWIva3ViZWxldC9rdWJlY29uZmlnCnNlZCAtaSBzLENMVVNURVJfTkFNRSx0ZXJyYWZvcm0tZWtzLWRlbW8sZyAvdmFyL2xpYi9rdWJlbGV0L2t1YmVjb25maWcKc2VkIC1pIHMsUkVHSU9OLHVzLXdlc3QtMixnIC9ldGMvc3lzdGVtZC9zeXN0ZW0va3ViZWxldC5zZXJ2aWNlCnNlZCAtaSBzLE1BWF9QT0RTLDIwLGcgL2V0Yy9zeXN0ZW1kL3N5c3RlbS9rdWJlbGV0LnNlcnZpY2UKc2VkIC1pIHMsTUFTVEVSX0VORFBPSU5ULGh0dHBzOi8vRUVFQjZDM0Q1MUY5QkU2RTc5MzMwNDNBNzlERjJBMDQuc2sxLnVzLXdlc3QtMi5la3MuYW1hem9uYXdzLmNvbSxnIC9ldGMvc3lzdGVtZC9zeXN0ZW0va3ViZWxldC5zZXJ2aWNlCnNlZCAtaSBzLElOVEVSTkFMX0lQLCRJTlRFUk5BTF9JUCxnIC9ldGMvc3lzdGVtZC9zeXN0ZW0va3ViZWxldC5zZXJ2aWNlCkROU19DTFVTVEVSX0lQPTEwLjEwMC4wLjEwCmlmIFtbICRJTlRFUk5BTF9JUCA9PSAxMC4qIF1dIDsgdGhlbiBETlNfQ0xVU1RFUl9JUD0xNzIuMjAuMC4xMDsgZmkKc2VkIC1pIHMsRE5TX0NMVVNURVJfSVAsJEROU19DTFVTVEVSX0lQLGcgL2V0Yy9zeXN0ZW1kL3N5c3RlbS9rdWJlbGV0LnNlcnZpY2UKc2VkIC1pIHMsQ0VSVElGSUNBVEVfQVVUSE9SSVRZX0ZJTEUsJENBX0NFUlRJRklDQVRFX0ZJTEVfUEFUSCxnIC92YXIvbGliL2t1YmVsZXQva3ViZWNvbmZpZwpzZWQgLWkgcyxDTElFTlRfQ0FfRklMRSwkQ0FfQ0VSVElGSUNBVEVfRklMRV9QQVRILGcgIC9ldGMvc3lzdGVtZC9zeXN0ZW0va3ViZWxldC5zZXJ2aWNlCnN5c3RlbWN0bCBkYWVtb24tcmVsb2FkCnN5c3RlbWN0bCByZXN0YXJ0IGt1YmVsZXQK",
                            "vpc_classic_link_id": "",
                            "vpc_classic_link_security_groups.#": "0"
                        },
                        "meta": {},
                        "tainted": false
                    },
                    "deposed": [],
                    "provider": "provider.aws"
                },
                "aws_route_table.demo": {
                    "type": "aws_route_table",
                    "depends_on": [
                        "aws_internet_gateway.demo",
                        "aws_vpc.demo"
                    ],
                    "primary": {
                        "id": "rtb-0b8ef8ffe1170108f",
                        "attributes": {
                            "id": "rtb-0b8ef8ffe1170108f",
                            "propagating_vgws.#": "0",
                            "route.#": "1",
                            "route.927988997.cidr_block": "0.0.0.0/0",
                            "route.927988997.egress_only_gateway_id": "",
                            "route.927988997.gateway_id": "igw-076fb5efd661771c1",
                            "route.927988997.instance_id": "",
                            "route.927988997.ipv6_cidr_block": "",
                            "route.927988997.nat_gateway_id": "",
                            "route.927988997.network_interface_id": "",
                            "route.927988997.vpc_peering_connection_id": "",
                            "tags.%": "0",
                            "vpc_id": "vpc-0e62fb955b42c0d80"
                        },
                        "meta": {},
                        "tainted": false
                    },
                    "deposed": [],
                    "provider": "provider.aws"
                },
                "aws_route_table_association.demo.0": {
                    "type": "aws_route_table_association",
                    "depends_on": [
                        "aws_route_table.demo",
                        "aws_subnet.demo.*"
                    ],
                    "primary": {
                        "id": "rtbassoc-0b8e2b8ee7969743f",
                        "attributes": {
                            "id": "rtbassoc-0b8e2b8ee7969743f",
                            "route_table_id": "rtb-0b8ef8ffe1170108f",
                            "subnet_id": "subnet-0d53c70a546dba967"
                        },
                        "meta": {},
                        "tainted": false
                    },
                    "deposed": [],
                    "provider": "provider.aws"
                },
                "aws_route_table_association.demo.1": {
                    "type": "aws_route_table_association",
                    "depends_on": [
                        "aws_route_table.demo",
                        "aws_subnet.demo.*"
                    ],
                    "primary": {
                        "id": "rtbassoc-0bf71fd8ab5bde6db",
                        "attributes": {
                            "id": "rtbassoc-0bf71fd8ab5bde6db",
                            "route_table_id": "rtb-0b8ef8ffe1170108f",
                            "subnet_id": "subnet-0108ba510975592e2"
                        },
                        "meta": {},
                        "tainted": false
                    },
                    "deposed": [],
                    "provider": "provider.aws"
                },
                "aws_security_group.demo-cluster": {
                    "type": "aws_security_group",
                    "depends_on": [
                        "aws_vpc.demo"
                    ],
                    "primary": {
                        "id": "sg-0e59c96b14db5b1ac",
                        "attributes": {
                            "arn": "arn:aws:ec2:us-west-2:354077607506:security-group/sg-0e59c96b14db5b1ac",
                            "description": "Cluster communication with worker nodes",
                            "egress.#": "1",
                            "egress.482069346.cidr_blocks.#": "1",
                            "egress.482069346.cidr_blocks.0": "0.0.0.0/0",
                            "egress.482069346.description": "",
                            "egress.482069346.from_port": "0",
                            "egress.482069346.ipv6_cidr_blocks.#": "0",
                            "egress.482069346.prefix_list_ids.#": "0",
                            "egress.482069346.protocol": "-1",
                            "egress.482069346.security_groups.#": "0",
                            "egress.482069346.self": "false",
                            "egress.482069346.to_port": "0",
                            "id": "sg-0e59c96b14db5b1ac",
                            "ingress.#": "2",
                            "ingress.2108773723.cidr_blocks.#": "1",
                            "ingress.2108773723.cidr_blocks.0": "103.211.19.68/32",
                            "ingress.2108773723.description": "Allow workstation to communicate with the cluster API Server",
                            "ingress.2108773723.from_port": "443",
                            "ingress.2108773723.ipv6_cidr_blocks.#": "0",
                            "ingress.2108773723.protocol": "tcp",
                            "ingress.2108773723.security_groups.#": "0",
                            "ingress.2108773723.self": "false",
                            "ingress.2108773723.to_port": "443",
                            "ingress.2767917915.cidr_blocks.#": "0",
                            "ingress.2767917915.description": "Allow pods to communicate with the cluster API Server",
                            "ingress.2767917915.from_port": "443",
                            "ingress.2767917915.ipv6_cidr_blocks.#": "0",
                            "ingress.2767917915.protocol": "tcp",
                            "ingress.2767917915.security_groups.#": "1",
                            "ingress.2767917915.security_groups.1750112148": "sg-02d4eea187df0ab7d",
                            "ingress.2767917915.self": "false",
                            "ingress.2767917915.to_port": "443",
                            "name": "terraform-eks-demo-cluster",
                            "owner_id": "354077607506",
                            "revoke_rules_on_delete": "false",
                            "tags.%": "1",
                            "tags.Name": "terraform-eks-demo",
                            "vpc_id": "vpc-0e62fb955b42c0d80"
                        },
                        "meta": {
                            "e2bfb730-ecaa-11e6-8f88-34363bc7c4c0": {
                                "create": 600000000000,
                                "delete": 600000000000
                            },
                            "schema_version": "1"
                        },
                        "tainted": false
                    },
                    "deposed": [],
                    "provider": "provider.aws"
                },
                "aws_security_group.demo-node": {
                    "type": "aws_security_group",
                    "depends_on": [
                        "aws_vpc.demo"
                    ],
                    "primary": {
                        "id": "sg-02d4eea187df0ab7d",
                        "attributes": {
                            "arn": "arn:aws:ec2:us-west-2:354077607506:security-group/sg-02d4eea187df0ab7d",
                            "description": "Security group for all nodes in the cluster",
                            "egress.#": "1",
                            "egress.482069346.cidr_blocks.#": "1",
                            "egress.482069346.cidr_blocks.0": "0.0.0.0/0",
                            "egress.482069346.description": "",
                            "egress.482069346.from_port": "0",
                            "egress.482069346.ipv6_cidr_blocks.#": "0",
                            "egress.482069346.prefix_list_ids.#": "0",
                            "egress.482069346.protocol": "-1",
                            "egress.482069346.security_groups.#": "0",
                            "egress.482069346.self": "false",
                            "egress.482069346.to_port": "0",
                            "id": "sg-02d4eea187df0ab7d",
                            "ingress.#": "3",
                            "ingress.1091069852.cidr_blocks.#": "0",
                            "ingress.1091069852.description": "Allow worker Kubelets and pods to receive communication from the cluster control plane",
                            "ingress.1091069852.from_port": "1025",
                            "ingress.1091069852.ipv6_cidr_blocks.#": "0",
                            "ingress.1091069852.protocol": "tcp",
                            "ingress.1091069852.security_groups.#": "1",
                            "ingress.1091069852.security_groups.953022736": "sg-0e59c96b14db5b1ac",
                            "ingress.1091069852.self": "false",
                            "ingress.1091069852.to_port": "65535",
                            "ingress.1615177143.cidr_blocks.#": "0",
                            "ingress.1615177143.description": "",
                            "ingress.1615177143.from_port": "0",
                            "ingress.1615177143.ipv6_cidr_blocks.#": "0",
                            "ingress.1615177143.protocol": "-1",
                            "ingress.1615177143.security_groups.#": "1",
                            "ingress.1615177143.security_groups.1955228860": "sg-01991f78581ee7a36",
                            "ingress.1615177143.self": "false",
                            "ingress.1615177143.to_port": "0",
                            "ingress.2278689831.cidr_blocks.#": "0",
                            "ingress.2278689831.description": "Allow node to communicate with each other",
                            "ingress.2278689831.from_port": "0",
                            "ingress.2278689831.ipv6_cidr_blocks.#": "0",
                            "ingress.2278689831.protocol": "-1",
                            "ingress.2278689831.security_groups.#": "0",
                            "ingress.2278689831.self": "true",
                            "ingress.2278689831.to_port": "0",
                            "name": "terraform-eks-demo-node",
                            "owner_id": "354077607506",
                            "revoke_rules_on_delete": "false",
                            "tags.%": "2",
                            "tags.Name": "terraform-eks-demo-node",
                            "tags.kubernetes.io/cluster/terraform-eks-demo": "owned",
                            "vpc_id": "vpc-0e62fb955b42c0d80"
                        },
                        "meta": {
                            "e2bfb730-ecaa-11e6-8f88-34363bc7c4c0": {
                                "create": 600000000000,
                                "delete": 600000000000
                            },
                            "schema_version": "1"
                        },
                        "tainted": false
                    },
                    "deposed": [],
                    "provider": "provider.aws"
                },
                "aws_security_group_rule.demo-cluster-ingress-node-https": {
                    "type": "aws_security_group_rule",
                    "depends_on": [
                        "aws_security_group.demo-cluster",
                        "aws_security_group.demo-node"
                    ],
                    "primary": {
                        "id": "sgrule-1804798733",
                        "attributes": {
                            "cidr_blocks.#": "0",
                            "description": "Allow pods to communicate with the cluster API Server",
                            "from_port": "443",
                            "id": "sgrule-1804798733",
                            "ipv6_cidr_blocks.#": "0",
                            "prefix_list_ids.#": "0",
                            "protocol": "tcp",
                            "security_group_id": "sg-0e59c96b14db5b1ac",
                            "self": "false",
                            "source_security_group_id": "sg-02d4eea187df0ab7d",
                            "to_port": "443",
                            "type": "ingress"
                        },
                        "meta": {
                            "schema_version": "2"
                        },
                        "tainted": false
                    },
                    "deposed": [],
                    "provider": "provider.aws"
                },
                "aws_security_group_rule.demo-cluster-ingress-workstation-https": {
                    "type": "aws_security_group_rule",
                    "depends_on": [
                        "aws_security_group.demo-cluster",
                        "local.workstation-external-cidr"
                    ],
                    "primary": {
                        "id": "sgrule-756009472",
                        "attributes": {
                            "cidr_blocks.#": "1",
                            "cidr_blocks.0": "103.211.53.141/32",
                            "description": "Allow workstation to communicate with the cluster API Server",
                            "from_port": "443",
                            "id": "sgrule-756009472",
                            "protocol": "tcp",
                            "security_group_id": "sg-0e59c96b14db5b1ac",
                            "self": "false",
                            "to_port": "443",
                            "type": "ingress"
                        },
                        "meta": {
                            "schema_version": "2"
                        },
                        "tainted": false
                    },
                    "deposed": [],
                    "provider": "provider.aws"
                },
                "aws_security_group_rule.demo-node-ingress-cluster": {
                    "type": "aws_security_group_rule",
                    "depends_on": [
                        "aws_security_group.demo-cluster",
                        "aws_security_group.demo-node"
                    ],
                    "primary": {
                        "id": "sgrule-3479172089",
                        "attributes": {
                            "cidr_blocks.#": "0",
                            "description": "Allow worker Kubelets and pods to receive communication from the cluster control plane",
                            "from_port": "1025",
                            "id": "sgrule-3479172089",
                            "ipv6_cidr_blocks.#": "0",
                            "prefix_list_ids.#": "0",
                            "protocol": "tcp",
                            "security_group_id": "sg-02d4eea187df0ab7d",
                            "self": "false",
                            "source_security_group_id": "sg-0e59c96b14db5b1ac",
                            "to_port": "65535",
                            "type": "ingress"
                        },
                        "meta": {
                            "schema_version": "2"
                        },
                        "tainted": false
                    },
                    "deposed": [],
                    "provider": "provider.aws"
                },
                "aws_security_group_rule.demo-node-ingress-self": {
                    "type": "aws_security_group_rule",
                    "depends_on": [
                        "aws_security_group.demo-node"
                    ],
                    "primary": {
                        "id": "sgrule-598879798",
                        "attributes": {
                            "cidr_blocks.#": "0",
                            "description": "Allow node to communicate with each other",
                            "from_port": "0",
                            "id": "sgrule-598879798",
                            "ipv6_cidr_blocks.#": "0",
                            "prefix_list_ids.#": "0",
                            "protocol": "-1",
                            "security_group_id": "sg-02d4eea187df0ab7d",
                            "self": "false",
                            "source_security_group_id": "sg-02d4eea187df0ab7d",
                            "to_port": "65535",
                            "type": "ingress"
                        },
                        "meta": {
                            "schema_version": "2"
                        },
                        "tainted": false
                    },
                    "deposed": [],
                    "provider": "provider.aws"
                },
                "aws_subnet.demo.0": {
                    "type": "aws_subnet",
                    "depends_on": [
                        "aws_vpc.demo",
                        "data.aws_availability_zones.available"
                    ],
                    "primary": {
                        "id": "subnet-0d53c70a546dba967",
                        "attributes": {
                            "arn": "arn:aws:ec2:us-west-2:354077607506:subnet/subnet-0d53c70a546dba967",
                            "assign_ipv6_address_on_creation": "false",
                            "availability_zone": "us-west-2a",
                            "cidr_block": "10.0.0.0/24",
                            "id": "subnet-0d53c70a546dba967",
                            "map_public_ip_on_launch": "false",
                            "tags.%": "2",
                            "tags.Name": "terraform-eks-demo-node",
                            "tags.kubernetes.io/cluster/terraform-eks-demo": "shared",
                            "vpc_id": "vpc-0e62fb955b42c0d80"
                        },
                        "meta": {
                            "schema_version": "1"
                        },
                        "tainted": false
                    },
                    "deposed": [],
                    "provider": "provider.aws"
                },
                "aws_subnet.demo.1": {
                    "type": "aws_subnet",
                    "depends_on": [
                        "aws_vpc.demo",
                        "data.aws_availability_zones.available"
                    ],
                    "primary": {
                        "id": "subnet-0108ba510975592e2",
                        "attributes": {
                            "arn": "arn:aws:ec2:us-west-2:354077607506:subnet/subnet-0108ba510975592e2",
                            "assign_ipv6_address_on_creation": "false",
                            "availability_zone": "us-west-2b",
                            "cidr_block": "10.0.1.0/24",
                            "id": "subnet-0108ba510975592e2",
                            "map_public_ip_on_launch": "false",
                            "tags.%": "2",
                            "tags.Name": "terraform-eks-demo-node",
                            "tags.kubernetes.io/cluster/terraform-eks-demo": "shared",
                            "vpc_id": "vpc-0e62fb955b42c0d80"
                        },
                        "meta": {
                            "schema_version": "1"
                        },
                        "tainted": false
                    },
                    "deposed": [],
                    "provider": "provider.aws"
                },
                "aws_vpc.demo": {
                    "type": "aws_vpc",
                    "depends_on": [],
                    "primary": {
                        "id": "vpc-0e62fb955b42c0d80",
                        "attributes": {
                            "arn": "arn:aws:ec2:us-west-2:354077607506:vpc/vpc-0e62fb955b42c0d80",
                            "assign_generated_ipv6_cidr_block": "false",
                            "cidr_block": "10.0.0.0/16",
                            "default_network_acl_id": "acl-0534df7679b3fe094",
                            "default_route_table_id": "rtb-0a42c5eaef070d6a4",
                            "default_security_group_id": "sg-0a2104e75187d35ff",
                            "dhcp_options_id": "dopt-b16a87c9",
                            "enable_classiclink": "false",
                            "enable_classiclink_dns_support": "false",
                            "enable_dns_hostnames": "false",
                            "enable_dns_support": "true",
                            "id": "vpc-0e62fb955b42c0d80",
                            "instance_tenancy": "default",
                            "main_route_table_id": "rtb-0a42c5eaef070d6a4",
                            "tags.%": "2",
                            "tags.Name": "terraform-eks-demo-node",
                            "tags.kubernetes.io/cluster/terraform-eks-demo": "shared"
                        },
                        "meta": {
                            "schema_version": "1"
                        },
                        "tainted": false
                    },
                    "deposed": [],
                    "provider": "provider.aws"
                },
                "data.aws_ami.eks-worker": {
                    "type": "aws_ami",
                    "depends_on": [],
                    "primary": {
                        "id": "ami-02415125ccd555295",
                        "attributes": {
                            "architecture": "x86_64",
                            "block_device_mappings.#": "1",
                            "block_device_mappings.3798922657.device_name": "/dev/xvda",
                            "block_device_mappings.3798922657.ebs.%": "6",
                            "block_device_mappings.3798922657.ebs.delete_on_termination": "true",
                            "block_device_mappings.3798922657.ebs.encrypted": "false",
                            "block_device_mappings.3798922657.ebs.iops": "0",
                            "block_device_mappings.3798922657.ebs.snapshot_id": "snap-0debdf4e2b627dffa",
                            "block_device_mappings.3798922657.ebs.volume_size": "20",
                            "block_device_mappings.3798922657.ebs.volume_type": "gp2",
                            "block_device_mappings.3798922657.no_device": "",
                            "block_device_mappings.3798922657.virtual_name": "",
                            "creation_date": "2018-08-14T21:02:37.000Z",
                            "description": "EKS Kubernetes Worker AMI with AmazonLinux2 image",
                            "filter.#": "1",
                            "filter.2070637487.name": "name",
                            "filter.2070637487.values.#": "1",
                            "filter.2070637487.values.0": "eks-worker-*",
                            "hypervisor": "xen",
                            "id": "ami-02415125ccd555295",
                            "image_id": "ami-02415125ccd555295",
                            "image_location": "602401143452/eks-worker-v22",
                            "image_type": "machine",
                            "most_recent": "true",
                            "name": "eks-worker-v22",
                            "owner_id": "602401143452",
                            "owners.#": "1",
                            "owners.0": "602401143452",
                            "product_codes.#": "0",
                            "public": "true",
                            "root_device_name": "/dev/xvda",
                            "root_device_type": "ebs",
                            "root_snapshot_id": "snap-0debdf4e2b627dffa",
                            "sriov_net_support": "simple",
                            "state": "available",
                            "state_reason.%": "2",
                            "state_reason.code": "UNSET",
                            "state_reason.message": "UNSET",
                            "tags.%": "0",
                            "virtualization_type": "hvm"
                        },
                        "meta": {},
                        "tainted": false
                    },
                    "deposed": [],
                    "provider": "provider.aws"
                },
                "data.aws_availability_zones.available": {
                    "type": "aws_availability_zones",
                    "depends_on": [],
                    "primary": {
                        "id": "2018-08-24 17:43:35.484736766 +0000 UTC",
                        "attributes": {
                            "id": "2018-08-24 17:43:35.484736766 +0000 UTC",
                            "names.#": "3",
                            "names.0": "us-west-2a",
                            "names.1": "us-west-2b",
                            "names.2": "us-west-2c"
                        },
                        "meta": {},
                        "tainted": false
                    },
                    "deposed": [],
                    "provider": "provider.aws"
                },
                "data.aws_region.current": {
                    "type": "aws_region",
                    "depends_on": [],
                    "primary": {
                        "id": "us-west-2",
                        "attributes": {
                            "current": "true",
                            "description": "US West (Oregon)",
                            "endpoint": "ec2.us-west-2.amazonaws.com",
                            "id": "us-west-2",
                            "name": "us-west-2"
                        },
                        "meta": {},
                        "tainted": false
                    },
                    "deposed": [],
                    "provider": "provider.aws"
                },
                "data.http.workstation-external-ip": {
                    "type": "http",
                    "depends_on": [],
                    "primary": {
                        "id": "2018-08-24 17:43:27.365531863 +0000 UTC",
                        "attributes": {
                            "body": "103.211.53.141\n",
                            "id": "2018-08-24 17:43:27.365531863 +0000 UTC",
                            "url": "http://ipv4.icanhazip.com"
                        },
                        "meta": {},
                        "tainted": false
                    },
                    "deposed": [],
                    "provider": "provider.http"
                }
            },
            "depends_on": []
        }
    ]
}
